uuid: 8a503d80-3b44-406c-a4c1-a3ef90c4e3d4
langcode: en
status: true
dependencies:
  module:
    - menu_ui
third_party_settings:
  menu_ui:
    available_menus:
      - main
    parent: 'main:'
name: 'Google Map Block'
type: google_map_block
description: ''
help: ''
new_revision: true
preview_mode: 1
display_submitted: false
